
Microsoft Visual Studio Solution File, Format Version 12.00
# Visual Studio Version 16
VisualStudioVersion = 16.0.31019.35
MinimumVisualStudioVersion = 10.0.40219.1
Project("{FAE04EC0-301F-11D3-BF4B-00C04F79EFBC}") = "LW_5", "LW_5.csproj", "{3DDA3DB5-DB5B-4C3E-A493-EE9C6CCC5C50}"
EndProject
Global
	GlobalSection(SolutionConfigurationPlatforms) = preSolution
		Debug|Any CPU = Debug|Any CPU
		Release|Any CPU = Release|Any CPU
	EndGlobalSection
	GlobalSection(ProjectConfigurationPlatforms) = postSolution
		{3DDA3DB5-DB5B-4C3E-A493-EE9C6CCC5C50}.Debug|Any CPU.ActiveCfg = Debug|Any CPU
		{3DDA3DB5-DB5B-4C3E-A493-EE9C6CCC5C50}.Debug|Any CPU.Build.0 = Debug|Any CPU
		{3DDA3DB5-DB5B-4C3E-A493-EE9C6CCC5C50}.Release|Any CPU.ActiveCfg = Release|Any CPU
		{3DDA3DB5-DB5B-4C3E-A493-EE9C6CCC5C50}.Release|Any CPU.Build.0 = Release|Any CPU
	EndGlobalSection
	GlobalSection(SolutionProperties) = preSolution
		HideSolutionNode = FALSE
	EndGlobalSection
	GlobalSection(ExtensibilityGlobals) = postSolution
		SolutionGuid = {41EDB50A-7170-4349-B4E9-94D133C852AD}
	EndGlobalSection
EndGlobal
